---
finalhandler@1.1.2:
  name: finalhandler
  version: 1.1.2
  tarball: "https://registry.npmjs.org/finalhandler/-/finalhandler-1.1.2.tgz"
  integrity: sha512-68059c5b9eeec5536b419a855e3213a56dec2144261c61b7a926fd9946a1f4c80c0b835e5a134e94d8d7118ab71e3440bcbe9aad4be2646189b0183acf4cec58
  dependencies:
    - on-finished
    - encodeurl
    - parseurl
    - debug
    - escape-html
    - statuses
    - unpipe
send@0.17.1:
  name: send
  version: 0.17.1
  tarball: "https://registry.npmjs.org/send/-/send-0.17.1.tgz"
  integrity: sha512-06c54ab2219c40c1704fc531ca9a1b50acafee2ac23511e4d53d06ebcd2f93cf327fa2c107219c649393242ad33f6c5537ac88f978cf25c36e1375787d3f6c02
  dependencies:
    - mime
    - ms
    - etag
    - on-finished
    - http-errors
    - range-parser
    - statuses
    - depd
    - encodeurl
    - escape-html
    - fresh
    - debug
    - destroy
qs@6.7.0:
  name: qs
  version: 6.7.0
  tarball: "https://registry.npmjs.org/qs/-/qs-6.7.0.tgz"
  integrity: sha512-54274144d1535f57f213b35be85628511a3f48f7bad9009a032cc9bd48f045a22c73e35e3c112788796fc459a65f9ebe1d9a61206b55d177828ab06da43ad3c9
  dependencies: []
array-flatten@1.1.1:
  name: array-flatten
  version: 1.1.1
  tarball: "https://registry.npmjs.org/array-flatten/-/array-flatten-1.1.1.tgz"
  integrity: sha1-39613566363939303531623165373037333332386632613030383936386236346561323935356432
  dependencies: []
http-errors@1.7.2:
  name: http-errors
  version: 1.7.2
  tarball: "https://registry.npmjs.org/http-errors/-/http-errors-1.7.2.tgz"
  integrity: sha512-b94401b771ff7122157dc87a8b512e3cdcbf62c4523940574d57d9fb247b6637b3dea8c1cfa8bdfa2e338cd6a8a9ca05548e25409e69960eb74ef19f4520c246
  dependencies:
    - toidentifier
    - inherits
    - depd
    - setprototypeof
    - statuses
mime-db@1.50.0:
  name: mime-db
  version: 1.50.0
  tarball: "https://registry.npmjs.org/mime-db/-/mime-db-1.50.0.tgz"
  integrity: sha512-f6d3190839581ea7844571073bd7ff84a7cd5e1adee5d2b6784fe4ac8bd48d96d2d8a3dca860df352848592d6e5bd5ce4ca40aa8aeaa6de39c8b5f2b6df5bbec
  dependencies: []
cookie@0.4.0:
  name: cookie
  version: 0.4.0
  tarball: "https://registry.npmjs.org/cookie/-/cookie-0.4.0.tgz"
  integrity: sha512-f87a7c7cba79ef09d44add2d634b47117878be86510e7a08ad93ea968dc33e2238cbd97083f8eac7ed4e9bde3f5ba65a3c33946e78ceb7ff7dc3aeb393e9755e
  dependencies: []
content-disposition@0.5.3:
  name: content-disposition
  version: 0.5.3
  tarball: "https://registry.npmjs.org/content-disposition/-/content-disposition-0.5.3.tgz"
  integrity: sha512-1313b4efbe2290439b200115f640e8e74a3eefd54251d101ea7ea5cca806c2ea5c55e46586b8f7a8601fc2af06eae0498e4a8bae14f4a846057169e0f33d73d2
  dependencies:
    - safe-buffer
raw-body@2.4.0:
  name: raw-body
  version: 2.4.0
  tarball: "https://registry.npmjs.org/raw-body/-/raw-body-2.4.0.tgz"
  integrity: sha512-e0ecfc0d423076fa1ae6a3097a5c62a738bf889222e343b9706575c0d629e61bd93fc64dd13fa388d90bd107a95ecf84b10f5727c8a9103a221fbd3249424fdd
  dependencies:
    - http-errors
    - iconv-lite
    - bytes
    - unpipe
methods@1.1.2:
  name: methods
  version: 1.1.2
  tarball: "https://registry.npmjs.org/methods/-/methods-1.1.2.tgz"
  integrity: sha1-35353239613464363736353431333465646363353236363635363833356230663835316166636565
  dependencies: []
statuses@1.5.0:
  name: statuses
  version: 1.5.0
  tarball: "https://registry.npmjs.org/statuses/-/statuses-1.5.0.tgz"
  integrity: sha1-31363163376461633137373635396664393831316634333737316661393933383134373836323863
  dependencies: []
ms@2.0.0:
  name: ms
  version: 2.0.0
  tarball: "https://registry.npmjs.org/ms/-/ms-2.0.0.tgz"
  integrity: sha1-35363038616561646663303062653663323930316466356639383631373838646530643539376338
  dependencies: []
iconv-lite@0.4.24:
  name: iconv-lite
  version: 0.4.24
  tarball: "https://registry.npmjs.org/iconv-lite/-/iconv-lite-0.4.24.tgz"
  integrity: sha512-bf73179d901cbe7cb091350466898801cb657bb4575de79d391df5c3097b565ca85cee108bd6abbd27a73505a77b54dc4708422f51f02c8db56c4a9da63f3fac
  dependencies:
    - safer-buffer
setprototypeof@1.1.1:
  name: setprototypeof
  version: 1.1.1
  tarball: "https://registry.npmjs.org/setprototypeof/-/setprototypeof-1.1.1.tgz"
  integrity: sha512-26f74059f6d778819a67d7082e9dfc1e7b594854a8de65a0eb119c249b1df9de1a44c3aa6ae6a0d42eb77497c3c3b39a318c046c730ec4467596a55160fd8e03
  dependencies: []
path-to-regexp@0.1.7:
  name: path-to-regexp
  version: 0.1.7
  tarball: "https://registry.npmjs.org/path-to-regexp/-/path-to-regexp-0.1.7.tgz"
  integrity: sha1-64663630343137383030356635323266313565623434393065373234376131626661613637663863
  dependencies: []
encodeurl@1.0.2:
  name: encodeurl
  version: 1.0.2
  tarball: "https://registry.npmjs.org/encodeurl/-/encodeurl-1.0.2.tgz"
  integrity: sha1-61643366663463383665633264303239333232663561303263336139613630366339356233663539
  dependencies: []
ipaddr.js@1.9.1:
  name: ipaddr.js
  version: 1.9.1
  tarball: "https://registry.npmjs.org/ipaddr.js/-/ipaddr.js-1.9.1.tgz"
  integrity: sha512-d0a23feb4ef1a31493a07ec68cdd457d26cba14d3e6ed4e2723b1049642587f859ca437c2a998c7fbb98c0f5b747e6a467a47fc35f199574870585e26143cede
  dependencies: []
type-is@1.6.18:
  name: type-is
  version: 1.6.18
  tarball: "https://registry.npmjs.org/type-is/-/type-is-1.6.18.tgz"
  integrity: sha512-4e444aafdb144f1107f0c75fb8248fed58b3272cd134c8e3d89d9da3626bdcaca6e7df0955d124b2eccf4029e514f5b8932f50fa203e99af411a6d3a5d0072f2
  dependencies:
    - media-typer
    - mime-types
bytes@3.1.0:
  name: bytes
  version: 3.1.0
  tarball: "https://registry.npmjs.org/bytes/-/bytes-3.1.0.tgz"
  integrity: sha512-cdab8b8eb7c21bec6fa326aa2e857c6cb5575cd182e09aa5c450aeb520d603a7c9ad3a3666ebcb613a99eda1c12d948c3a8a5bcf0bfc7fec19715cdf5532360e
  dependencies: []
escape-html@1.0.3:
  name: escape-html
  version: 1.0.3
  tarball: "https://registry.npmjs.org/escape-html/-/escape-html-1.0.3.tgz"
  integrity: sha1-30323538656165346433643063303937346465316331363931383865663030353164316431393838
  dependencies: []
depd@1.1.2:
  name: depd
  version: 1.1.2
  tarball: "https://registry.npmjs.org/depd/-/depd-1.1.2.tgz"
  integrity: sha1-39626364353265313463303937373633653734396232373463343334366564326535363062356139
  dependencies: []
range-parser@1.2.1:
  name: range-parser
  version: 1.2.1
  tarball: "https://registry.npmjs.org/range-parser/-/range-parser-1.2.1.tgz"
  integrity: sha512-1eb82cc7ea2baa8ca09e68456ca68713a736f7a27e1d30105e8c4417a80dba944e9a6189468cb37c6ddc700bdea8206bc2bff6cb143905577f1939796a03b04a
  dependencies: []
vary@1.1.2:
  name: vary
  version: 1.1.2
  tarball: "https://registry.npmjs.org/vary/-/vary-1.1.2.tgz"
  integrity: sha1-32323939663032633664656433306434613539363162306239663734353234613138663633346663
  dependencies: []
inherits@2.0.4:
  name: inherits
  version: 2.0.4
  tarball: "https://registry.npmjs.org/inherits/-/inherits-2.0.4.tgz"
  integrity: sha512-93fbc6697e3f6256b75b3c8c0af4d039761e207bea38ab67a8176ecd31e9ce9419cc0b2428c859d8af849c189233dcc64a820578ca572b16b8758799210a9ec1
  dependencies: []
ee-first@1.1.1:
  name: ee-first
  version: 1.1.1
  tarball: "https://registry.npmjs.org/ee-first/-/ee-first-1.1.1.tgz"
  integrity: sha1-35393063363131353662306165326634663032353537333261313538623236366263353662323164
  dependencies: []
on-finished@2.3.0:
  name: on-finished
  version: 2.3.0
  tarball: "https://registry.npmjs.org/on-finished/-/on-finished-2.3.0.tgz"
  integrity: sha1-32306631333336343831623038336364373533333739393261313639373161613264393036393437
  dependencies:
    - ee-first
toidentifier@1.0.0:
  name: toidentifier
  version: 1.0.0
  tarball: "https://registry.npmjs.org/toidentifier/-/toidentifier-1.0.0.tgz"
  integrity: sha512-c9a387fcf93f5448415964e5848faa5f10c55e57a30c67108a9325cb175af67b61ba56b12d950d714a85c68929d2f7189efb5e2659f914d40346bc63dd871b57
  dependencies: []
safe-buffer@5.1.2:
  name: safe-buffer
  version: 5.1.2
  tarball: "https://registry.npmjs.org/safe-buffer/-/safe-buffer-5.1.2.tgz"
  integrity: sha512-19dd94641243917958ec66c9c5fb04f3f9ef2a45045351b7f1cd6c88de903fa6bd3d3f4c98707c1a7a6c71298c252a05f0b388aedf2e77fc0fb688f2b381bafa
  dependencies: []
destroy@1.0.4:
  name: destroy
  version: 1.0.4
  tarball: "https://registry.npmjs.org/destroy/-/destroy-1.0.4.tgz"
  integrity: sha1-39373838353734343263343437343965343230363631336533373934363230353832366162643830
  dependencies: []
utils-merge@1.0.1:
  name: utils-merge
  version: 1.0.1
  tarball: "https://registry.npmjs.org/utils-merge/-/utils-merge-1.0.1.tgz"
  integrity: sha1-39663935373130663530613236373934376232636363313234373431633130323834323765373133
  dependencies: []
merge-descriptors@1.0.1:
  name: merge-descriptors
  version: 1.0.1
  tarball: "https://registry.npmjs.org/merge-descriptors/-/merge-descriptors-1.0.1.tgz"
  integrity: sha1-62303061616135353664643862343435363831353065633964316239353366336639306362623631
  dependencies: []
content-type@1.0.4:
  name: content-type
  version: 1.0.4
  tarball: "https://registry.npmjs.org/content-type/-/content-type-1.0.4.tgz"
  integrity: sha512-8483f71043ecf2d07d013d4bf8d52ab70380a6ce269366686fcf4c5973078c75a0f668a517f8f8a2c9e740b5c108114193fb6f206fed51cf663942623c184f5c
  dependencies: []
forwarded@0.2.0:
  name: forwarded
  version: 0.2.0
  tarball: "https://registry.npmjs.org/forwarded/-/forwarded-0.2.0.tgz"
  integrity: sha512-6ee446d1fa41b511d24c238049eea10f6e7cb44b9b16844b6f864d03a3713151cdc3680e7301e8f70c9a6e5ccccce039cfdc40f4bd4a36393f36de8c4fd698a3
  dependencies: []
media-typer@0.3.0:
  name: media-typer
  version: 0.3.0
  tarball: "https://registry.npmjs.org/media-typer/-/media-typer-0.3.0.tgz"
  integrity: sha1-38373130643761663061613632366638666666613163653030313638353435323633323535373438
  dependencies: []
safer-buffer@2.1.2:
  name: safer-buffer
  version: 2.1.2
  tarball: "https://registry.npmjs.org/safer-buffer/-/safer-buffer-2.1.2.tgz"
  integrity: sha512-619a372bcd920fb462ca2d04d4440fa232f3ee4a5ea6749023d2323db1c78355d75debdbe5d248eeda72376003c467106c71bbbdcc911e4d1c6f0a9c42b894b6
  dependencies: []
ms@2.1.1:
  name: ms
  version: 2.1.1
  tarball: "https://registry.npmjs.org/ms/-/ms-2.1.1.tgz"
  integrity: sha512-b60a7e765e5c1a4dbcbad624b41b2b16a03b1ca82b8603ec83a67f11f856238825d47c2af01fc6998ff4a1767a9c5f210d57ac4bf1699d8683fe439685842fca
  dependencies: []
negotiator@0.6.2:
  name: negotiator
  version: 0.6.2
  tarball: "https://registry.npmjs.org/negotiator/-/negotiator-0.6.2.tgz"
  integrity: sha512-8595dcecad9ef8f81e23578305eff5d00adde1e91b7ebaea1bc129fbc2667f82480f66cd83b36f08f39937e91f179ef8a45408ee6ba6d8052a0e27682aa7133b
  dependencies: []
inherits@2.0.3:
  name: inherits
  version: 2.0.3
  tarball: "https://registry.npmjs.org/inherits/-/inherits-2.0.3.tgz"
  integrity: sha1-36333363326338336533646134326135303266353234363630323234383066343230383236316465
  dependencies: []
etag@1.8.1:
  name: etag
  version: 1.8.1
  tarball: "https://registry.npmjs.org/etag/-/etag-1.8.1.tgz"
  integrity: sha1-34316165326565623635656661363232363861656266656138336163376437393239396230383837
  dependencies: []
body-parser@1.19.0:
  name: body-parser
  version: 1.19.0
  tarball: "https://registry.npmjs.org/body-parser/-/body-parser-1.19.0.tgz"
  integrity: sha512-76110fb3bd943db0e701027d64a30d4cfea9b496a2a2784fe5c05be78d675cf956eb425ea68f5157f6b87d7e17596f42b8534adb692b86b8f5fab83389f342b3
  dependencies:
    - debug
    - iconv-lite
    - depd
    - http-errors
    - bytes
    - on-finished
    - qs
    - raw-body
    - type-is
    - content-type
proxy-addr@2.0.7:
  name: proxy-addr
  version: 2.0.7
  tarball: "https://registry.npmjs.org/proxy-addr/-/proxy-addr-2.0.7.tgz"
  integrity: sha512-96542c30b4940d43d3e388ddad4fcedfbaa59e27e2b433fe670ae699972848ac8b2afb59c69c95d27dbf6c3fcde2d040019fe024475953b28cadaa0ad7e5d802
  dependencies:
    - forwarded
    - ipaddr.js
parseurl@1.3.3:
  name: parseurl
  version: 1.3.3
  tarball: "https://registry.npmjs.org/parseurl/-/parseurl-1.3.3.tgz"
  integrity: sha512-0a2c9e3b1153fc96723799b4cfd3df5f0e1208127a4b2833d43a65d30aa39610c418604fd469ec51510bd29eb78681b57dc8f77c7ca75e2f4d60ee2758e2fea9
  dependencies: []
accepts@1.3.7:
  name: accepts
  version: 1.3.7
  tarball: "https://registry.npmjs.org/accepts/-/accepts-1.3.7.tgz"
  integrity: sha512-225f3442cd968d89492013733642ba298aa554c4db64b5e01f1da84f4a54fdf8d11f2129f8f11f10f634477582c001953ad6aec61d613b136021fe5bbfb750a4
  dependencies:
    - negotiator
    - mime-types
mime@1.6.0:
  name: mime
  version: 1.6.0
  tarball: "https://registry.npmjs.org/mime/-/mime-1.6.0.tgz"
  integrity: sha512-c74567f2ca48fb0b89d4ee92ee09db69083c3f187834d1dbeca4883661162a23c4e1128ea65be28e7f8d92662699180febc99cef48f611b793151b2bb306907a
  dependencies: []
debug@2.6.9:
  name: debug
  version: 2.6.9
  tarball: "https://registry.npmjs.org/debug/-/debug-2.6.9.tgz"
  integrity: sha512-6c2ec496b7496899cf6c03fed44a2d62fa99b1bdde725e708ba05f8ba0494d470da30a7a72fb298348d7ce74532838e6fc4ec076014155e00f54c35c286b0730
  dependencies:
    - ms
unpipe@1.0.0:
  name: unpipe
  version: 1.0.0
  tarball: "https://registry.npmjs.org/unpipe/-/unpipe-1.0.0.tgz"
  integrity: sha1-62326266346565383531346161653631363562343831373832396432316232656634393930346563
  dependencies: []
serve-static@1.14.1:
  name: serve-static
  version: 1.14.1
  tarball: "https://registry.npmjs.org/serve-static/-/serve-static-1.14.1.tgz"
  integrity: sha512-24caef530139e1e98261695323e846ac6bf923c744c26728ff4d04be4cc822c47b32aac7a276c3f693b630e7c59e9167b65ede72966cfb7996f976d066ef500a
  dependencies:
    - parseurl
    - escape-html
    - send
    - encodeurl
express@4.17.1:
  name: express
  version: 4.17.1
  tarball: "https://registry.npmjs.org/express/-/express-4.17.1.tgz"
  integrity: sha512-98727d3bbf51aa5ba9851adcc365ff19387793db55bfc61ca326382a487858331460a45952ad21d68d30dabaebc41a8ced5a1e515aa06f6ef19443174e762de2
  dependencies:
    - path-to-regexp
    - send
    - escape-html
    - vary
    - content-type
    - etag
    - accepts
    - array-flatten
    - on-finished
    - finalhandler
    - methods
    - body-parser
    - utils-merge
    - type-is
    - merge-descriptors
    - serve-static
    - depd
    - encodeurl
    - qs
    - setprototypeof
    - cookie
    - statuses
    - content-disposition
    - range-parser
    - cookie-signature
    - safe-buffer
    - fresh
    - debug
    - parseurl
    - proxy-addr
mime-types@2.1.33:
  name: mime-types
  version: 2.1.33
  tarball: "https://registry.npmjs.org/mime-types/-/mime-types-2.1.33.tgz"
  integrity: sha512-a652c4957a7ba510ddd1b3591f0fa731de76bd16232f0423ca068d83b75d276b89b539669d30a35ae3cac55bbafff01d691b8c13ce12bcb5bdd6c22406a193d2
  dependencies:
    - mime-db
cookie-signature@1.0.6:
  name: cookie-signature
  version: 1.0.6
  tarball: "https://registry.npmjs.org/cookie-signature/-/cookie-signature-1.0.6.tgz"
  integrity: sha1-65333033613838326233343263633365653863613531336137393939393733346461623361653263
  dependencies: []
http-errors@1.7.3:
  name: http-errors
  version: 1.7.3
  tarball: "https://registry.npmjs.org/http-errors/-/http-errors-1.7.3.tgz"
  integrity: sha512-6534d7d0c5abb10d9902103571e8c0c032f2705b1dec8ee756d9e44f73a5d1aaa875a296fb4093643435b81bf9c21a6d0a773c7bc1de45127146cd249a6fd07f
  dependencies:
    - statuses
    - inherits
    - toidentifier
    - setprototypeof
    - depd
fresh@0.5.2:
  name: fresh
  version: 0.5.2
  tarball: "https://registry.npmjs.org/fresh/-/fresh-0.5.2.tgz"
  integrity: sha1-33643863616464393064393736353639666138333561623166386534623233613130353630356137
  dependencies: []
