lockfileVersion: 5.3

specifiers:
  symlink-dir: ^5.0.1

dependencies:
  symlink-dir: 5.0.1

packages:

  /@zkochan/rimraf/2.1.1:
    resolution: {integrity: sha512-TgiZpFi4XSvS8wY2/JzoJQYqgpOeBfVMPLC93cRXjbqYSXr1PGyQagS1Wyztuq1uMA1Cqd+EYLa5HESrJwH0Kw==}
    engines: {node: '>=12.10'}
    dev: false

  /better-path-resolve/1.0.0:
    resolution: {integrity: sha512-pbnl5XzGBdrFU/wT4jqmJVPn2B6UHPBOhzMQkY/SPUPB6QtUXtmBHBIwCbXJol93mOpGMnQyP/+BB19q04xj7g==}
    engines: {node: '>=4'}
    dependencies:
      is-windows: 1.0.2
    dev: false

  /is-windows/1.0.2:
    resolution: {integrity: sha512-eXK1UInq2bPmjyX6e3VHIzMLobc4J94i4AWn+Hpq3OU5KkrRC96OAcR3PRJ/pGu6m8TRnBHP9dkXQVsT/COVIA==}
    engines: {node: '>=0.10.0'}
    dev: false

  /rename-overwrite/4.0.0:
    resolution: {integrity: sha512-GZxPjarpxu2DGD6xHE8L4GdJhWz2+2i2x6N1I7VEof2p5M/x/LDNxNXA547k8xOpPmHnijXBE1ofmj7NDGP20g==}
    engines: {node: '>=12.10'}
    dependencies:
      '@zkochan/rimraf': 2.1.1
    dev: false

  /symlink-dir/5.0.1:
    resolution: {integrity: sha512-MeXygPBopo8AmyObuCJIpXKT+mw54d2Kp6SBuxq0uXZGDkHwHDQExpSg5+TK8BA5kCGyktawu5DJG0QWYO6acw==}
    engines: {node: '>=12.10'}
    hasBin: true
    dependencies:
      better-path-resolve: 1.0.0
      rename-overwrite: 4.0.0
    dev: false
