{
  "express@^4.17.1": {
    "name": "express",
    "version": "4.17.1",
    "tarball": "https://registry.npmjs.org/express/-/express-4.17.1.tgz",
    "sha1": "4491fc38605cf51f8629d39c2b5d026f98a4c134",
    "dependencies": {
      "fresh": "0.5.2",
      "path-to-regexp": "0.1.7",
      "depd": "~1.1.2",
      "serve-static": "1.14.1",
      "setprototypeof": "1.1.1",
      "finalhandler": "~1.1.2",
      "type-is": "~1.6.18",
      "qs": "6.7.0",
      "debug": "2.6.9",
      "merge-descriptors": "1.0.1",
      "escape-html": "~1.0.3",
      "etag": "~1.8.1",
      "parseurl": "~1.3.3",
      "statuses": "~1.5.0",
      "cookie": "0.4.0",
      "content-disposition": "0.5.3",
      "content-type": "~1.0.4",
      "proxy-addr": "~2.0.5",
      "vary": "~1.1.2",
      "array-flatten": "1.1.1",
      "body-parser": "1.19.0",
      "encodeurl": "~1.0.2",
      "cookie-signature": "1.0.6",
      "range-parser": "~1.2.1",
      "send": "0.17.1",
      "utils-merge": "1.0.1",
      "safe-buffer": "5.1.2",
      "methods": "~1.1.2",
      "on-finished": "~2.3.0",
      "accepts": "~1.3.7"
    }
  }
}