{
  "jquery-typewriter@^1.2.3": {
    "name": "jquery-typewriter",
    "version": "1.2.3",
    "tarball": "https://registry.npmjs.org/jquery-typewriter/-/jquery-typewriter-1.2.3.tgz",
    "sha1": "e588dd6aee26f45e4140bdc36cfcb883b7dcb0bd",
    "dependencies": {
      "jquery-typewriter": "^1.2.1"
    }
  }
}