{
  "@webassemblyjs/helper-api-error@1.11.0": {
    "name": "@webassemblyjs/helper-api-error",
    "version": "1.11.0",
    "tarball": "https://registry.npmjs.org/@webassemblyjs/helper-api-error/-/helper-api-error-1.11.0.tgz",
    "sha1": "aaea8fb3b923f4aaa9b512ff541b013ffb68d2d4",
    "dependencies": {}
  },
  "fast-json-stable-stringify@2.1.0": {
    "name": "fast-json-stable-stringify",
    "version": "2.1.0",
    "tarball": "https://registry.npmjs.org/fast-json-stable-stringify/-/fast-json-stable-stringify-2.1.0.tgz",
    "sha1": "874bf69c6f404c2b5d99c481341399fd55892633",
    "dependencies": {}
  },
  "caniuse-lite@1.0.30001236": {
    "name": "caniuse-lite",
    "version": "1.0.30001236",
    "tarball": "https://registry.npmjs.org/caniuse-lite/-/caniuse-lite-1.0.30001236.tgz",
    "sha1": "0a80de4cdf62e1770bb46a30d884fc8d633e3958",
    "dependencies": {}
  },
  "mime-types@2.1.31": {
    "name": "mime-types",
    "version": "2.1.31",
    "tarball": "https://registry.npmjs.org/mime-types/-/mime-types-2.1.31.tgz",
    "sha1": "a00d76b74317c61f9c2db2218b8e9f8e9c5c9e6b",
    "dependencies": {
      "mime-db": ""
    }
  },
  "@webassemblyjs/wasm-parser@1.11.0": {
    "name": "@webassemblyjs/wasm-parser",
    "version": "1.11.0",
    "tarball": "https://registry.npmjs.org/@webassemblyjs/wasm-parser/-/wasm-parser-1.11.0.tgz",
    "sha1": "3e680b8830d5b13d1ec86cc42f38f3d4a7700754",
    "dependencies": {
      "@webassemblyjs/utf8": "",
      "@webassemblyjs/helper-wasm-bytecode": "",
      "@webassemblyjs/ieee754": "",
      "@webassemblyjs/ast": "",
      "@webassemblyjs/leb128": "",
      "@webassemblyjs/helper-api-error": ""
    }
  },
  "json-parse-better-errors@1.0.2": {
    "name": "json-parse-better-errors",
    "version": "1.0.2",
    "tarball": "https://registry.npmjs.org/json-parse-better-errors/-/json-parse-better-errors-1.0.2.tgz",
    "sha1": "bb867cfb3450e69107c131d1c514bab3dc8bcaa9",
    "dependencies": {}
  },
  "enhanced-resolve@5.8.2": {
    "name": "enhanced-resolve",
    "version": "5.8.2",
    "tarball": "https://registry.npmjs.org/enhanced-resolve/-/enhanced-resolve-5.8.2.tgz",
    "sha1": "15ddc779345cbb73e97c611cd00c01c1e7bf4d8b",
    "dependencies": {
      "graceful-fs": "",
      "tapable": ""
    }
  },
  "@webassemblyjs/wast-printer@1.11.0": {
    "name": "@webassemblyjs/wast-printer",
    "version": "1.11.0",
    "tarball": "https://registry.npmjs.org/@webassemblyjs/wast-printer/-/wast-printer-1.11.0.tgz",
    "sha1": "680d1f6a5365d6d401974a8e949e05474e1fab7e",
    "dependencies": {
      "@xtuc/long": "",
      "@webassemblyjs/ast": ""
    }
  },
  "uri-js@4.4.1": {
    "name": "uri-js",
    "version": "4.4.1",
    "tarball": "https://registry.npmjs.org/uri-js/-/uri-js-4.4.1.tgz",
    "sha1": "9b1a52595225859e55f669d928f88c6c57f2a77e",
    "dependencies": {
      "punycode": ""
    }
  },
  "terser-webpack-plugin@5.1.3": {
    "name": "terser-webpack-plugin",
    "version": "5.1.3",
    "tarball": "https://registry.npmjs.org/terser-webpack-plugin/-/terser-webpack-plugin-5.1.3.tgz",
    "sha1": "30033e955ca28b55664f1e4b30a1347e61aa23af",
    "dependencies": {
      "jest-worker": "",
      "source-map": "",
      "p-limit": "",
      "terser": "",
      "schema-utils": "",
      "serialize-javascript": ""
    }
  },
  "@webassemblyjs/ieee754@1.11.0": {
    "name": "@webassemblyjs/ieee754",
    "version": "1.11.0",
    "tarball": "https://registry.npmjs.org/@webassemblyjs/ieee754/-/ieee754-1.11.0.tgz",
    "sha1": "46975d583f9828f5d094ac210e219441c4e6f5cf",
    "dependencies": {
      "@xtuc/ieee754": ""
    }
  },
  "@types/eslint@7.2.13": {
    "name": "@types/eslint",
    "version": "7.2.13",
    "tarball": "https://registry.npmjs.org/@types/eslint/-/eslint-7.2.13.tgz",
    "sha1": "e0ca7219ba5ded402062ad6f926d491ebb29dd53",
    "dependencies": {
      "@types/estree": "",
      "@types/json-schema": ""
    }
  },
  "@xtuc/long@4.2.2": {
    "name": "@xtuc/long",
    "version": "4.2.2",
    "tarball": "https://registry.npmjs.org/@xtuc/long/-/long-4.2.2.tgz",
    "sha1": "d291c6a4e97989b5c61d9acf396ae4fe133a718d",
    "dependencies": {}
  },
  "es-module-lexer@0.4.1": {
    "name": "es-module-lexer",
    "version": "0.4.1",
    "tarball": "https://registry.npmjs.org/es-module-lexer/-/es-module-lexer-0.4.1.tgz",
    "sha1": "dda8c6a14d8f340a24e34331e0fab0cb50438e0e",
    "dependencies": {}
  },
  "@webassemblyjs/wasm-edit@1.11.0": {
    "name": "@webassemblyjs/wasm-edit",
    "version": "1.11.0",
    "tarball": "https://registry.npmjs.org/@webassemblyjs/wasm-edit/-/wasm-edit-1.11.0.tgz",
    "sha1": "ee4a5c9f677046a210542ae63897094c2027cb78",
    "dependencies": {
      "@webassemblyjs/ast": "",
      "@webassemblyjs/helper-buffer": "",
      "@webassemblyjs/helper-wasm-bytecode": "",
      "@webassemblyjs/wasm-opt": "",
      "@webassemblyjs/wasm-gen": "",
      "@webassemblyjs/wasm-parser": "",
      "@webassemblyjs/wast-printer": "",
      "@webassemblyjs/helper-wasm-section": ""
    }
  },
  "source-list-map@2.0.1": {
    "name": "source-list-map",
    "version": "2.0.1",
    "tarball": "https://registry.npmjs.org/source-list-map/-/source-list-map-2.0.1.tgz",
    "sha1": "3993bd873bfc48479cca9ea3a547835c7c154b34",
    "dependencies": {}
  },
  "@types/eslint-scope@3.7.0": {
    "name": "@types/eslint-scope",
    "version": "3.7.0",
    "tarball": "https://registry.npmjs.org/@types/eslint-scope/-/eslint-scope-3.7.0.tgz",
    "sha1": "4792816e31119ebd506902a482caec4951fabd86",
    "dependencies": {
      "@types/estree": "",
      "@types/eslint": ""
    }
  },
  "@types/estree@0.0.47": {
    "name": "@types/estree",
    "version": "0.0.47",
    "tarball": "https://registry.npmjs.org/@types/estree/-/estree-0.0.47.tgz",
    "sha1": "d7a51db20f0650efec24cd04994f523d93172ed4",
    "dependencies": {}
  },
  "@types/json-schema@7.0.7": {
    "name": "@types/json-schema",
    "version": "7.0.7",
    "tarball": "https://registry.npmjs.org/@types/json-schema/-/json-schema-7.0.7.tgz",
    "sha1": "98a993516c859eb0d5c4c8f098317a9ea68db9ad",
    "dependencies": {}
  },
  "@webassemblyjs/helper-wasm-bytecode@1.11.0": {
    "name": "@webassemblyjs/helper-wasm-bytecode",
    "version": "1.11.0",
    "tarball": "https://registry.npmjs.org/@webassemblyjs/helper-wasm-bytecode/-/helper-wasm-bytecode-1.11.0.tgz",
    "sha1": "85fdcda4129902fe86f81abf7e7236953ec5a4e1",
    "dependencies": {}
  },
  "tapable@2.2.0": {
    "name": "tapable",
    "version": "2.2.0",
    "tarball": "https://registry.npmjs.org/tapable/-/tapable-2.2.0.tgz",
    "sha1": "5c373d281d9c672848213d0e037d1c4165ab426b",
    "dependencies": {}
  },
  "jest-worker@27.0.2": {
    "name": "jest-worker",
    "version": "27.0.2",
    "tarball": "https://registry.npmjs.org/jest-worker/-/jest-worker-27.0.2.tgz",
    "sha1": "4ebeb56cef48b3e7514552f80d0d80c0129f0b05",
    "dependencies": {
      "@types/node": "",
      "merge-stream": "",
      "supports-color": ""
    }
  },
  "glob-to-regexp@0.4.1": {
    "name": "glob-to-regexp",
    "version": "0.4.1",
    "tarball": "https://registry.npmjs.org/glob-to-regexp/-/glob-to-regexp-0.4.1.tgz",
    "sha1": "c75297087c851b9a578bd217dd59a92f59fe546e",
    "dependencies": {}
  },
  "estraverse@4.3.0": {
    "name": "estraverse",
    "version": "4.3.0",
    "tarball": "https://registry.npmjs.org/estraverse/-/estraverse-4.3.0.tgz",
    "sha1": "398ad3f3c5a24948be7725e83d11a7de28cdbd1d",
    "dependencies": {}
  },
  "esrecurse@4.3.0": {
    "name": "esrecurse",
    "version": "4.3.0",
    "tarball": "https://registry.npmjs.org/esrecurse/-/esrecurse-4.3.0.tgz",
    "sha1": "7ad7964d679abb28bee72cec63758b1c5d2c9921",
    "dependencies": {
      "estraverse": ""
    }
  },
  "events@3.3.0": {
    "name": "events",
    "version": "3.3.0",
    "tarball": "https://registry.npmjs.org/events/-/events-3.3.0.tgz",
    "sha1": "31a95ad0a924e2d2c419a813aeb2c4e878ea7400",
    "dependencies": {}
  },
  "@webassemblyjs/helper-numbers@1.11.0": {
    "name": "@webassemblyjs/helper-numbers",
    "version": "1.11.0",
    "tarball": "https://registry.npmjs.org/@webassemblyjs/helper-numbers/-/helper-numbers-1.11.0.tgz",
    "sha1": "7ab04172d54e312cc6ea4286d7d9fa27c88cd4f9",
    "dependencies": {
      "@xtuc/long": "",
      "@webassemblyjs/floating-point-hex-parser": "",
      "@webassemblyjs/helper-api-error": ""
    }
  },
  "buffer-from@1.1.1": {
    "name": "buffer-from",
    "version": "1.1.1",
    "tarball": "https://registry.npmjs.org/buffer-from/-/buffer-from-1.1.1.tgz",
    "sha1": "32713bc028f75c02fdb710d7c7bcec1f2c6070ef",
    "dependencies": {}
  },
  "terser@5.7.0": {
    "name": "terser",
    "version": "5.7.0",
    "tarball": "https://registry.npmjs.org/terser/-/terser-5.7.0.tgz",
    "sha1": "a761eeec206bc87b605ab13029876ead938ae693",
    "dependencies": {
      "source-map": "",
      "commander": "",
      "source-map-support": ""
    }
  },
  "webpack-sources@2.3.0": {
    "name": "webpack-sources",
    "version": "2.3.0",
    "tarball": "https://registry.npmjs.org/webpack-sources/-/webpack-sources-2.3.0.tgz",
    "sha1": "9ed2de69b25143a4c18847586ad9eccb19278cfa",
    "dependencies": {
      "source-list-map": "",
      "source-map": ""
    }
  },
  "source-map-support@0.5.19": {
    "name": "source-map-support",
    "version": "0.5.19",
    "tarball": "https://registry.npmjs.org/source-map-support/-/source-map-support-0.5.19.tgz",
    "sha1": "a98b62f86dcaf4f67399648c085291ab9e8fed61",
    "dependencies": {
      "source-map": "",
      "buffer-from": ""
    }
  },
  "merge-stream@2.0.0": {
    "name": "merge-stream",
    "version": "2.0.0",
    "tarball": "https://registry.npmjs.org/merge-stream/-/merge-stream-2.0.0.tgz",
    "sha1": "52823629a14dd00c9770fb6ad47dc6310f2c1f60",
    "dependencies": {}
  },
  "punycode@2.1.1": {
    "name": "punycode",
    "version": "2.1.1",
    "tarball": "https://registry.npmjs.org/punycode/-/punycode-2.1.1.tgz",
    "sha1": "b58b010ac40c22c5657616c8d2c2c02c7bf479ec",
    "dependencies": {}
  },
  "loader-runner@4.2.0": {
    "name": "loader-runner",
    "version": "4.2.0",
    "tarball": "https://registry.npmjs.org/loader-runner/-/loader-runner-4.2.0.tgz",
    "sha1": "d7022380d66d14c5fb1d496b89864ebcfd478384",
    "dependencies": {}
  },
  "browserslist@4.16.6": {
    "name": "browserslist",
    "version": "4.16.6",
    "tarball": "https://registry.npmjs.org/browserslist/-/browserslist-4.16.6.tgz",
    "sha1": "d7901277a5a88e554ed305b183ec9b0c08f66fa2",
    "dependencies": {
      "caniuse-lite": "",
      "electron-to-chromium": "",
      "colorette": "",
      "node-releases": "",
      "escalade": ""
    }
  },
  "escalade@3.1.1": {
    "name": "escalade",
    "version": "3.1.1",
    "tarball": "https://registry.npmjs.org/escalade/-/escalade-3.1.1.tgz",
    "sha1": "d8cfdc7000965c5a0174b4a82eaa5c0552742e40",
    "dependencies": {}
  },
  "@xtuc/ieee754@1.2.0": {
    "name": "@xtuc/ieee754",
    "version": "1.2.0",
    "tarball": "https://registry.npmjs.org/@xtuc/ieee754/-/ieee754-1.2.0.tgz",
    "sha1": "eef014a3145ae477a1cbc00cd1e552336dceb790",
    "dependencies": {}
  },
  "eslint-scope@5.1.1": {
    "name": "eslint-scope",
    "version": "5.1.1",
    "tarball": "https://registry.npmjs.org/eslint-scope/-/eslint-scope-5.1.1.tgz",
    "sha1": "e786e59a66cb92b3f6c1fb0d508aab174848f48c",
    "dependencies": {
      "esrecurse": "",
      "estraverse": ""
    }
  },
  "@webassemblyjs/wasm-gen@1.11.0": {
    "name": "@webassemblyjs/wasm-gen",
    "version": "1.11.0",
    "tarball": "https://registry.npmjs.org/@webassemblyjs/wasm-gen/-/wasm-gen-1.11.0.tgz",
    "sha1": "3cdb35e70082d42a35166988dda64f24ceb97abe",
    "dependencies": {
      "@webassemblyjs/ieee754": "",
      "@webassemblyjs/helper-wasm-bytecode": "",
      "@webassemblyjs/ast": "",
      "@webassemblyjs/utf8": "",
      "@webassemblyjs/leb128": ""
    }
  },
  "@webassemblyjs/ast@1.11.0": {
    "name": "@webassemblyjs/ast",
    "version": "1.11.0",
    "tarball": "https://registry.npmjs.org/@webassemblyjs/ast/-/ast-1.11.0.tgz",
    "sha1": "a5aa679efdc9e51707a4207139da57920555961f",
    "dependencies": {
      "@webassemblyjs/helper-numbers": "",
      "@webassemblyjs/helper-wasm-bytecode": ""
    }
  },
  "solid-js@0.26.5": {
    "name": "solid-js",
    "version": "0.26.5",
    "tarball": "https://registry.npmjs.org/solid-js/-/solid-js-0.26.5.tgz",
    "sha1": "be171d2298b4dc506c84fd11fe750a1743c7080b",
    "dependencies": {}
  },
  "safe-buffer@5.2.1": {
    "name": "safe-buffer",
    "version": "5.2.1",
    "tarball": "https://registry.npmjs.org/safe-buffer/-/safe-buffer-5.2.1.tgz",
    "sha1": "1eaf9fa9bdb1fdd4ec75f58f9cdb4e6b7827eec6",
    "dependencies": {}
  },
  "watchpack@2.2.0": {
    "name": "watchpack",
    "version": "2.2.0",
    "tarball": "https://registry.npmjs.org/watchpack/-/watchpack-2.2.0.tgz",
    "sha1": "47d78f5415fe550ecd740f99fe2882323a58b1ce",
    "dependencies": {
      "graceful-fs": "",
      "glob-to-regexp": ""
    }
  },
  "schema-utils@3.0.0": {
    "name": "schema-utils",
    "version": "3.0.0",
    "tarball": "https://registry.npmjs.org/schema-utils/-/schema-utils-3.0.0.tgz",
    "sha1": "67502f6aa2b66a2d4032b4279a2944978a0913ef",
    "dependencies": {
      "@types/json-schema": "",
      "ajv-keywords": "",
      "ajv": ""
    }
  },
  "serialize-javascript@5.0.1": {
    "name": "serialize-javascript",
    "version": "5.0.1",
    "tarball": "https://registry.npmjs.org/serialize-javascript/-/serialize-javascript-5.0.1.tgz",
    "sha1": "7886ec848049a462467a97d3d918ebb2aaf934f4",
    "dependencies": {
      "randombytes": ""
    }
  },
  "fast-deep-equal@3.1.3": {
    "name": "fast-deep-equal",
    "version": "3.1.3",
    "tarball": "https://registry.npmjs.org/fast-deep-equal/-/fast-deep-equal-3.1.3.tgz",
    "sha1": "3a7d56b559d6cbc3eb512325244e619a65c6c525",
    "dependencies": {}
  },
  "randombytes@2.1.0": {
    "name": "randombytes",
    "version": "2.1.0",
    "tarball": "https://registry.npmjs.org/randombytes/-/randombytes-2.1.0.tgz",
    "sha1": "df6f84372f0270dc65cdf6291349ab7a473d4f2a",
    "dependencies": {
      "safe-buffer": ""
    }
  },
  "colorette@1.2.2": {
    "name": "colorette",
    "version": "1.2.2",
    "tarball": "https://registry.npmjs.org/colorette/-/colorette-1.2.2.tgz",
    "sha1": "cbcc79d5e99caea2dbf10eb3a26fd8b3e6acfa94",
    "dependencies": {}
  },
  "@webassemblyjs/helper-wasm-section@1.11.0": {
    "name": "@webassemblyjs/helper-wasm-section",
    "version": "1.11.0",
    "tarball": "https://registry.npmjs.org/@webassemblyjs/helper-wasm-section/-/helper-wasm-section-1.11.0.tgz",
    "sha1": "9ce2cc89300262509c801b4af113d1ca25c1a75b",
    "dependencies": {
      "@webassemblyjs/ast": "",
      "@webassemblyjs/helper-wasm-bytecode": "",
      "@webassemblyjs/wasm-gen": "",
      "@webassemblyjs/helper-buffer": ""
    }
  },
  "supports-color@8.1.1": {
    "name": "supports-color",
    "version": "8.1.1",
    "tarball": "https://registry.npmjs.org/supports-color/-/supports-color-8.1.1.tgz",
    "sha1": "cd6fc17e28500cff56c1b86c0a7fd4a54a73005c",
    "dependencies": {
      "has-flag": ""
    }
  },
  "@types/node@15.12.2": {
    "name": "@types/node",
    "version": "15.12.2",
    "tarball": "https://registry.npmjs.org/@types/node/-/node-15.12.2.tgz",
    "sha1": "1f2b42c4be7156ff4a6f914b2fb03d05fa84e38d",
    "dependencies": {}
  },
  "@webassemblyjs/leb128@1.11.0": {
    "name": "@webassemblyjs/leb128",
    "version": "1.11.0",
    "tarball": "https://registry.npmjs.org/@webassemblyjs/leb128/-/leb128-1.11.0.tgz",
    "sha1": "f7353de1df38aa201cba9fb88b43f41f75ff403b",
    "dependencies": {
      "@xtuc/long": ""
    }
  },
  "graceful-fs@4.2.6": {
    "name": "graceful-fs",
    "version": "4.2.6",
    "tarball": "https://registry.npmjs.org/graceful-fs/-/graceful-fs-4.2.6.tgz",
    "sha1": "ff040b2b0853b23c3d31027523706f1885d76bee",
    "dependencies": {}
  },
  "webpack@5.38.1": {
    "name": "webpack",
    "version": "5.38.1",
    "tarball": "https://registry.npmjs.org/webpack/-/webpack-5.38.1.tgz",
    "sha1": "5224c7f24c18e729268d3e3bc97240d6e880258e",
    "dependencies": {
      "mime-types": "",
      "schema-utils": "",
      "browserslist": "",
      "glob-to-regexp": "",
      "events": "",
      "watchpack": "",
      "eslint-scope": "",
      "@types/eslint-scope": "",
      "neo-async": "",
      "chrome-trace-event": "",
      "@webassemblyjs/ast": "",
      "@webassemblyjs/wasm-parser": "",
      "acorn": "",
      "graceful-fs": "",
      "json-parse-better-errors": "",
      "tapable": "",
      "terser-webpack-plugin": "",
      "@types/estree": "",
      "enhanced-resolve": "",
      "webpack-sources": "",
      "es-module-lexer": "",
      "loader-runner": "",
      "@webassemblyjs/wasm-edit": ""
    }
  },
  "@webassemblyjs/floating-point-hex-parser@1.11.0": {
    "name": "@webassemblyjs/floating-point-hex-parser",
    "version": "1.11.0",
    "tarball": "https://registry.npmjs.org/@webassemblyjs/floating-point-hex-parser/-/floating-point-hex-parser-1.11.0.tgz",
    "sha1": "34d62052f453cd43101d72eab4966a022587947c",
    "dependencies": {}
  },
  "commander@2.20.3": {
    "name": "commander",
    "version": "2.20.3",
    "tarball": "https://registry.npmjs.org/commander/-/commander-2.20.3.tgz",
    "sha1": "fd485e84c03eb4881c20722ba48035e8531aeb33",
    "dependencies": {}
  },
  "mime-db@1.48.0": {
    "name": "mime-db",
    "version": "1.48.0",
    "tarball": "https://registry.npmjs.org/mime-db/-/mime-db-1.48.0.tgz",
    "sha1": "e35b31045dd7eada3aaad537ed88a33afbef2d1d",
    "dependencies": {}
  },
  "electron-to-chromium@1.3.750": {
    "name": "electron-to-chromium",
    "version": "1.3.750",
    "tarball": "https://registry.npmjs.org/electron-to-chromium/-/electron-to-chromium-1.3.750.tgz",
    "sha1": "7e5ef6f478316b0bd656af5942fe502610e97eaf",
    "dependencies": {}
  },
  "acorn@8.3.0": {
    "name": "acorn",
    "version": "8.3.0",
    "tarball": "https://registry.npmjs.org/acorn/-/acorn-8.3.0.tgz",
    "sha1": "1193f9b96c4e8232f00b11a9edff81b2c8b98b88",
    "dependencies": {}
  },
  "@webassemblyjs/wasm-opt@1.11.0": {
    "name": "@webassemblyjs/wasm-opt",
    "version": "1.11.0",
    "tarball": "https://registry.npmjs.org/@webassemblyjs/wasm-opt/-/wasm-opt-1.11.0.tgz",
    "sha1": "1638ae188137f4bb031f568a413cd24d32f92978",
    "dependencies": {
      "@webassemblyjs/helper-buffer": "",
      "@webassemblyjs/wasm-parser": "",
      "@webassemblyjs/ast": "",
      "@webassemblyjs/wasm-gen": ""
    }
  },
  "yocto-queue@0.1.0": {
    "name": "yocto-queue",
    "version": "0.1.0",
    "tarball": "https://registry.npmjs.org/yocto-queue/-/yocto-queue-0.1.0.tgz",
    "sha1": "0294eb3dee05028d31ee1a5fa2c556a6aaf10a1b",
    "dependencies": {}
  },
  "ajv-keywords@3.5.2": {
    "name": "ajv-keywords",
    "version": "3.5.2",
    "tarball": "https://registry.npmjs.org/ajv-keywords/-/ajv-keywords-3.5.2.tgz",
    "sha1": "31f29da5ab6e00d1c2d329acf7b5929614d5014d",
    "dependencies": {}
  },
  "p-limit@3.1.0": {
    "name": "p-limit",
    "version": "3.1.0",
    "tarball": "https://registry.npmjs.org/p-limit/-/p-limit-3.1.0.tgz",
    "sha1": "e1daccbe78d0d1388ca18c64fea38e3e57e3706b",
    "dependencies": {
      "yocto-queue": ""
    }
  },
  "source-map@0.6.1": {
    "name": "source-map",
    "version": "0.6.1",
    "tarball": "https://registry.npmjs.org/source-map/-/source-map-0.6.1.tgz",
    "sha1": "74722af32e9614e9c287a8d0bbde48b5e2f1a263",
    "dependencies": {}
  },
  "@webassemblyjs/helper-buffer@1.11.0": {
    "name": "@webassemblyjs/helper-buffer",
    "version": "1.11.0",
    "tarball": "https://registry.npmjs.org/@webassemblyjs/helper-buffer/-/helper-buffer-1.11.0.tgz",
    "sha1": "d026c25d175e388a7dbda9694e91e743cbe9b642",
    "dependencies": {}
  },
  "neo-async@2.6.2": {
    "name": "neo-async",
    "version": "2.6.2",
    "tarball": "https://registry.npmjs.org/neo-async/-/neo-async-2.6.2.tgz",
    "sha1": "b4aafb93e3aeb2d8174ca53cf163ab7d7308305f",
    "dependencies": {}
  },
  "ajv@6.12.6": {
    "name": "ajv",
    "version": "6.12.6",
    "tarball": "https://registry.npmjs.org/ajv/-/ajv-6.12.6.tgz",
    "sha1": "baf5a62e802b07d977034586f8c3baf5adf26df4",
    "dependencies": {
      "json-schema-traverse": "",
      "fast-json-stable-stringify": "",
      "uri-js": "",
      "fast-deep-equal": ""
    }
  },
  "chrome-trace-event@1.0.3": {
    "name": "chrome-trace-event",
    "version": "1.0.3",
    "tarball": "https://registry.npmjs.org/chrome-trace-event/-/chrome-trace-event-1.0.3.tgz",
    "sha1": "1015eced4741e15d06664a957dbbf50d041e26ac",
    "dependencies": {}
  },
  "@webassemblyjs/utf8@1.11.0": {
    "name": "@webassemblyjs/utf8",
    "version": "1.11.0",
    "tarball": "https://registry.npmjs.org/@webassemblyjs/utf8/-/utf8-1.11.0.tgz",
    "sha1": "86e48f959cf49e0e5091f069a709b862f5a2cadf",
    "dependencies": {}
  },
  "has-flag@4.0.0": {
    "name": "has-flag",
    "version": "4.0.0",
    "tarball": "https://registry.npmjs.org/has-flag/-/has-flag-4.0.0.tgz",
    "sha1": "944771fd9c81c81265c4d6941860da06bb59479b",
    "dependencies": {}
  },
  "node-releases@1.1.73": {
    "name": "node-releases",
    "version": "1.1.73",
    "tarball": "https://registry.npmjs.org/node-releases/-/node-releases-1.1.73.tgz",
    "sha1": "dd4e81ddd5277ff846b80b52bb40c49edf7a7b20",
    "dependencies": {}
  },
  "json-schema-traverse@0.4.1": {
    "name": "json-schema-traverse",
    "version": "0.4.1",
    "tarball": "https://registry.npmjs.org/json-schema-traverse/-/json-schema-traverse-0.4.1.tgz",
    "sha1": "69f6a87d9513ab8bb8fe63bdb0979c448e684660",
    "dependencies": {}
  }
}